
Microsoft Visual Studio Solution File, Format Version 12.00
# Visual Studio Version 17
VisualStudioVersion = 17.11.35303.130
MinimumVisualStudioVersion = 10.0.40219.1
Project("{2150E333-8FDC-42A3-9474-1A3956D46DE8}") = "Task0", "Task0", "{82ED65E4-29FD-4587-8A06-BA0B1D0CB228}"
EndProject
Project("{9A19103F-16F7-4668-BE54-9A1E7A4F7556}") = "Tyuiu.ShmelevAV.Sprint0.Task0.V0", "Tyuiu.ShmelevAV.Sprint0.Task0.V0\Tyuiu.ShmelevAV.Sprint0.Task0.V0.csproj", "{7E395475-8C6B-4161-96C1-4505EFDBF74A}"
EndProject
Project("{2150E333-8FDC-42A3-9474-1A3956D46DE8}") = "Task1", "Task1", "{82ABB941-27A9-4D98-9A39-0D2D9270B877}"
EndProject
Project("{9A19103F-16F7-4668-BE54-9A1E7A4F7556}") = "Tyuiu.ShmelevAV.Sprint0.Task1.V0", "Tyuiu.ShmelevAV.Sprint0.Task1.V0\Tyuiu.ShmelevAV.Sprint0.Task1.V0.csproj", "{D7164CB7-4DA5-4422-858A-B50E67D8EF0B}"
EndProject
Project("{2150E333-8FDC-42A3-9474-1A3956D46DE8}") = "Task2", "Task2", "{71E62B1C-7B81-4D29-903D-0D7E060EDD71}"
EndProject
Project("{9A19103F-16F7-4668-BE54-9A1E7A4F7556}") = "Tyuiu.ShmelevAV.Sprint0.Task2.V0", "Tyuiu.ShmelevAV.Sprint0.Task2.V0\Tyuiu.ShmelevAV.Sprint0.Task2.V0.csproj", "{FB0DC1AB-B0CC-4AD1-9469-870E2E57AB60}"
EndProject
Project("{9A19103F-16F7-4668-BE54-9A1E7A4F7556}") = "Tyuiu.ShmelevAV.Sprint0.Task2.V0.Lib", "Tyuiu.ShmelevAV.Sprint0.Task2.V0.Lib\Tyuiu.ShmelevAV.Sprint0.Task2.V0.Lib.csproj", "{7F6D0B22-B721-403D-91AE-2D468E78F16C}"
EndProject
Project("{9A19103F-16F7-4668-BE54-9A1E7A4F7556}") = "Tyuiu.ShmelevAV.Sprint0.Task2.V0.Test", "Tyuiu.ShmelevAV.Sprint0.Task2.V0.Test\Tyuiu.ShmelevAV.Sprint0.Task2.V0.Test.csproj", "{4D5F770B-71BD-4490-9CD2-6BD8040D017F}"
EndProject
Project("{2150E333-8FDC-42A3-9474-1A3956D46DE8}") = "Task3", "Task3", "{A7327EAE-ABA7-4E3E-BDA4-E2E75E9EC4B8}"
EndProject
Project("{FAE04EC0-301F-11D3-BF4B-00C04F79EFBC}") = "Tyuiu.ShmelevAV.Sprint0.Task3.V0", "Tyuiu.ShmelevAV.Sprint0.Task3.V0\Tyuiu.ShmelevAV.Sprint0.Task3.V0.csproj", "{9AEE6A1D-0273-4768-81C8-151761AF5ABF}"
EndProject
Project("{FAE04EC0-301F-11D3-BF4B-00C04F79EFBC}") = "Tyuiu.ShmelevAV.Sprint0.Task3.V0.Lib", "Tyuiu.ShmelevAV.Sprint0.Task3.V0.Lib\Tyuiu.ShmelevAV.Sprint0.Task3.V0.Lib.csproj", "{E7735AE0-849C-4AA1-9994-CD6EAABED8E6}"
EndProject
Project("{FAE04EC0-301F-11D3-BF4B-00C04F79EFBC}") = "Tyuiu.ShmelevAV.Sprint0.Task3.V0.Test", "Tyuiu.ShmelevAV.Sprint0.Task3.V0.Test\Tyuiu.ShmelevAV.Sprint0.Task3.V0.Test.csproj", "{DC5CFC52-FD6C-4C6F-9433-CAFEAAFF3A5E}"
EndProject
Project("{2150E333-8FDC-42A3-9474-1A3956D46DE8}") = "Task4", "Task4", "{AC9AF20D-2640-4B98-9BC5-C79B93D36EAA}"
EndProject
Project("{FAE04EC0-301F-11D3-BF4B-00C04F79EFBC}") = "Tyuiu.ShmelevAV.Sprint0.Task4.V0", "Tyuiu.ShmelevAV.Sprint0.Task4.V0\Tyuiu.ShmelevAV.Sprint0.Task4.V0.csproj", "{1D914811-E339-43F9-B43D-B379A103E2C5}"
EndProject
Project("{FAE04EC0-301F-11D3-BF4B-00C04F79EFBC}") = "Tyuiu.ShmelevAV.Sprint0.Task4.V0.Lib", "Tyuiu.ShmelevAV.Sprint0.Task4.V0.Lib\Tyuiu.ShmelevAV.Sprint0.Task4.V0.Lib.csproj", "{43AD7B8E-13CE-49FB-8A54-F65224587D12}"
EndProject
Project("{FAE04EC0-301F-11D3-BF4B-00C04F79EFBC}") = "Tyuiu.ShmelevAV.Sprint0.Task4.V0.Test", "Tyuiu.ShmelevAV.Sprint0.Task4.V0.Test\Tyuiu.ShmelevAV.Sprint0.Task4.V0.Test.csproj", "{662D06A1-CC63-4E67-86FE-0AB4767F637D}"
EndProject
Project("{2150E333-8FDC-42A3-9474-1A3956D46DE8}") = "Task5", "Task5", "{21A53356-4EDA-4B28-85CA-476FF50F15B0}"
EndProject
Project("{FAE04EC0-301F-11D3-BF4B-00C04F79EFBC}") = "Tyuiu.ShmelevAV.Sprint0.Task5.V0", "Tyuiu.ShmelevAV.Sprint0.Task5.V0\Tyuiu.ShmelevAV.Sprint0.Task5.V0.csproj", "{AC8F56A4-0BAA-4167-84DE-C173EBC9F91B}"
EndProject
Project("{FAE04EC0-301F-11D3-BF4B-00C04F79EFBC}") = "Tyuiu.ShmelevAV.Sprint0.Task5.V0.Lib", "Tyuiu.ShmelevAV.Sprint0.Task5.V0.Lib\Tyuiu.ShmelevAV.Sprint0.Task5.V0.Lib.csproj", "{C379ABC9-661E-43F4-9ED1-6066EF63A387}"
EndProject
Project("{FAE04EC0-301F-11D3-BF4B-00C04F79EFBC}") = "Tyuiu.ShmelevAV.Sprint0.Task5.V0.Test", "Tyuiu.ShmelevAV.Sprint0.Task5.V0.Test\Tyuiu.ShmelevAV.Sprint0.Task5.V0.Test.csproj", "{A1DCB0CA-CB5D-443A-B77F-3704997F4507}"
EndProject
Project("{2150E333-8FDC-42A3-9474-1A3956D46DE8}") = "Task6", "Task6", "{99FCEEA2-08E0-4DE7-95C5-2D9937C5654D}"
EndProject
Project("{FAE04EC0-301F-11D3-BF4B-00C04F79EFBC}") = "Tyuiu.ShmelevAV.Sprint0.Task6.V0", "Tyuiu.ShmelevAV.Sprint0.Task6.V0\Tyuiu.ShmelevAV.Sprint0.Task6.V0.csproj", "{18DA09C2-3881-4E3E-BA5E-0DC5F5498AB5}"
EndProject
Project("{FAE04EC0-301F-11D3-BF4B-00C04F79EFBC}") = "Tyuiu.ShmelevAV.Sprint0.Task6.V0.Lib", "Tyuiu.ShmelevAV.Sprint0.Task6.V0.Lib\Tyuiu.ShmelevAV.Sprint0.Task6.V0.Lib.csproj", "{FD0F3637-E58D-4AC7-B6F2-96052EBB90E8}"
EndProject
Project("{FAE04EC0-301F-11D3-BF4B-00C04F79EFBC}") = "Tyuiu.ShmelevAV.Sprint0.Task6.V0.Test", "Tyuiu.ShmelevAV.Sprint0.Task6.V0.Test\Tyuiu.ShmelevAV.Sprint0.Task6.V0.Test.csproj", "{64D11CA7-3A79-4CB0-BDEA-2C0A65CDA630}"
EndProject
Project("{2150E333-8FDC-42A3-9474-1A3956D46DE8}") = "Task7", "Task7", "{78D13A87-0240-4F67-9B18-0E07A302D34B}"
EndProject
Project("{FAE04EC0-301F-11D3-BF4B-00C04F79EFBC}") = "Tyuiu.ShmelevAV.Sprint0.Task7.V0", "Tyuiu.ShmelevAV.Sprint0.Task7.V0\Tyuiu.ShmelevAV.Sprint0.Task7.V0.csproj", "{CCDDD950-C20A-41E2-8D27-35F53AC1F44D}"
EndProject
Project("{FAE04EC0-301F-11D3-BF4B-00C04F79EFBC}") = "Tyuiu.ShmelevAV.Sprint0.Task7.V0.Lib", "Tyuiu.ShmelevAV.Sprint0.Task7.V0.Lib\Tyuiu.ShmelevAV.Sprint0.Task7.V0.Lib.csproj", "{7D901E90-4BD3-45BA-8754-53AD56EBC3E3}"
EndProject
Project("{FAE04EC0-301F-11D3-BF4B-00C04F79EFBC}") = "Tyuiu.ShmelevAV.Sprint0.Task7.V0.Test", "Tyuiu.ShmelevAV.Sprint0.Task7.V0.Test\Tyuiu.ShmelevAV.Sprint0.Task7.V0.Test.csproj", "{9CFDF0F8-ACEB-47BC-B93A-D8B34AE688ED}"
EndProject
Global
	GlobalSection(SolutionConfigurationPlatforms) = preSolution
		Debug|Any CPU = Debug|Any CPU
		Release|Any CPU = Release|Any CPU
	EndGlobalSection
	GlobalSection(ProjectConfigurationPlatforms) = postSolution
		{7E395475-8C6B-4161-96C1-4505EFDBF74A}.Debug|Any CPU.ActiveCfg = Debug|Any CPU
		{7E395475-8C6B-4161-96C1-4505EFDBF74A}.Debug|Any CPU.Build.0 = Debug|Any CPU
		{7E395475-8C6B-4161-96C1-4505EFDBF74A}.Release|Any CPU.ActiveCfg = Release|Any CPU
		{7E395475-8C6B-4161-96C1-4505EFDBF74A}.Release|Any CPU.Build.0 = Release|Any CPU
		{D7164CB7-4DA5-4422-858A-B50E67D8EF0B}.Debug|Any CPU.ActiveCfg = Debug|Any CPU
		{D7164CB7-4DA5-4422-858A-B50E67D8EF0B}.Debug|Any CPU.Build.0 = Debug|Any CPU
		{D7164CB7-4DA5-4422-858A-B50E67D8EF0B}.Release|Any CPU.ActiveCfg = Release|Any CPU
		{D7164CB7-4DA5-4422-858A-B50E67D8EF0B}.Release|Any CPU.Build.0 = Release|Any CPU
		{FB0DC1AB-B0CC-4AD1-9469-870E2E57AB60}.Debug|Any CPU.ActiveCfg = Debug|Any CPU
		{FB0DC1AB-B0CC-4AD1-9469-870E2E57AB60}.Debug|Any CPU.Build.0 = Debug|Any CPU
		{FB0DC1AB-B0CC-4AD1-9469-870E2E57AB60}.Release|Any CPU.ActiveCfg = Release|Any CPU
		{FB0DC1AB-B0CC-4AD1-9469-870E2E57AB60}.Release|Any CPU.Build.0 = Release|Any CPU
		{7F6D0B22-B721-403D-91AE-2D468E78F16C}.Debug|Any CPU.ActiveCfg = Debug|Any CPU
		{7F6D0B22-B721-403D-91AE-2D468E78F16C}.Debug|Any CPU.Build.0 = Debug|Any CPU
		{7F6D0B22-B721-403D-91AE-2D468E78F16C}.Release|Any CPU.ActiveCfg = Release|Any CPU
		{7F6D0B22-B721-403D-91AE-2D468E78F16C}.Release|Any CPU.Build.0 = Release|Any CPU
		{4D5F770B-71BD-4490-9CD2-6BD8040D017F}.Debug|Any CPU.ActiveCfg = Debug|Any CPU
		{4D5F770B-71BD-4490-9CD2-6BD8040D017F}.Debug|Any CPU.Build.0 = Debug|Any CPU
		{4D5F770B-71BD-4490-9CD2-6BD8040D017F}.Release|Any CPU.ActiveCfg = Release|Any CPU
		{4D5F770B-71BD-4490-9CD2-6BD8040D017F}.Release|Any CPU.Build.0 = Release|Any CPU
		{9AEE6A1D-0273-4768-81C8-151761AF5ABF}.Debug|Any CPU.ActiveCfg = Debug|Any CPU
		{9AEE6A1D-0273-4768-81C8-151761AF5ABF}.Debug|Any CPU.Build.0 = Debug|Any CPU
		{9AEE6A1D-0273-4768-81C8-151761AF5ABF}.Release|Any CPU.ActiveCfg = Release|Any CPU
		{9AEE6A1D-0273-4768-81C8-151761AF5ABF}.Release|Any CPU.Build.0 = Release|Any CPU
		{E7735AE0-849C-4AA1-9994-CD6EAABED8E6}.Debug|Any CPU.ActiveCfg = Debug|Any CPU
		{E7735AE0-849C-4AA1-9994-CD6EAABED8E6}.Debug|Any CPU.Build.0 = Debug|Any CPU
		{E7735AE0-849C-4AA1-9994-CD6EAABED8E6}.Release|Any CPU.ActiveCfg = Release|Any CPU
		{E7735AE0-849C-4AA1-9994-CD6EAABED8E6}.Release|Any CPU.Build.0 = Release|Any CPU
		{DC5CFC52-FD6C-4C6F-9433-CAFEAAFF3A5E}.Debug|Any CPU.ActiveCfg = Debug|Any CPU
		{DC5CFC52-FD6C-4C6F-9433-CAFEAAFF3A5E}.Debug|Any CPU.Build.0 = Debug|Any CPU
		{DC5CFC52-FD6C-4C6F-9433-CAFEAAFF3A5E}.Release|Any CPU.ActiveCfg = Release|Any CPU
		{DC5CFC52-FD6C-4C6F-9433-CAFEAAFF3A5E}.Release|Any CPU.Build.0 = Release|Any CPU
		{1D914811-E339-43F9-B43D-B379A103E2C5}.Debug|Any CPU.ActiveCfg = Debug|Any CPU
		{1D914811-E339-43F9-B43D-B379A103E2C5}.Debug|Any CPU.Build.0 = Debug|Any CPU
		{1D914811-E339-43F9-B43D-B379A103E2C5}.Release|Any CPU.ActiveCfg = Release|Any CPU
		{1D914811-E339-43F9-B43D-B379A103E2C5}.Release|Any CPU.Build.0 = Release|Any CPU
		{43AD7B8E-13CE-49FB-8A54-F65224587D12}.Debug|Any CPU.ActiveCfg = Debug|Any CPU
		{43AD7B8E-13CE-49FB-8A54-F65224587D12}.Debug|Any CPU.Build.0 = Debug|Any CPU
		{43AD7B8E-13CE-49FB-8A54-F65224587D12}.Release|Any CPU.ActiveCfg = Release|Any CPU
		{43AD7B8E-13CE-49FB-8A54-F65224587D12}.Release|Any CPU.Build.0 = Release|Any CPU
		{662D06A1-CC63-4E67-86FE-0AB4767F637D}.Debug|Any CPU.ActiveCfg = Debug|Any CPU
		{662D06A1-CC63-4E67-86FE-0AB4767F637D}.Debug|Any CPU.Build.0 = Debug|Any CPU
		{662D06A1-CC63-4E67-86FE-0AB4767F637D}.Release|Any CPU.ActiveCfg = Release|Any CPU
		{662D06A1-CC63-4E67-86FE-0AB4767F637D}.Release|Any CPU.Build.0 = Release|Any CPU
		{AC8F56A4-0BAA-4167-84DE-C173EBC9F91B}.Debug|Any CPU.ActiveCfg = Debug|Any CPU
		{AC8F56A4-0BAA-4167-84DE-C173EBC9F91B}.Debug|Any CPU.Build.0 = Debug|Any CPU
		{AC8F56A4-0BAA-4167-84DE-C173EBC9F91B}.Release|Any CPU.ActiveCfg = Release|Any CPU
		{AC8F56A4-0BAA-4167-84DE-C173EBC9F91B}.Release|Any CPU.Build.0 = Release|Any CPU
		{C379ABC9-661E-43F4-9ED1-6066EF63A387}.Debug|Any CPU.ActiveCfg = Debug|Any CPU
		{C379ABC9-661E-43F4-9ED1-6066EF63A387}.Debug|Any CPU.Build.0 = Debug|Any CPU
		{C379ABC9-661E-43F4-9ED1-6066EF63A387}.Release|Any CPU.ActiveCfg = Release|Any CPU
		{C379ABC9-661E-43F4-9ED1-6066EF63A387}.Release|Any CPU.Build.0 = Release|Any CPU
		{A1DCB0CA-CB5D-443A-B77F-3704997F4507}.Debug|Any CPU.ActiveCfg = Debug|Any CPU
		{A1DCB0CA-CB5D-443A-B77F-3704997F4507}.Debug|Any CPU.Build.0 = Debug|Any CPU
		{A1DCB0CA-CB5D-443A-B77F-3704997F4507}.Release|Any CPU.ActiveCfg = Release|Any CPU
		{A1DCB0CA-CB5D-443A-B77F-3704997F4507}.Release|Any CPU.Build.0 = Release|Any CPU
		{18DA09C2-3881-4E3E-BA5E-0DC5F5498AB5}.Debug|Any CPU.ActiveCfg = Debug|Any CPU
		{18DA09C2-3881-4E3E-BA5E-0DC5F5498AB5}.Debug|Any CPU.Build.0 = Debug|Any CPU
		{18DA09C2-3881-4E3E-BA5E-0DC5F5498AB5}.Release|Any CPU.ActiveCfg = Release|Any CPU
		{18DA09C2-3881-4E3E-BA5E-0DC5F5498AB5}.Release|Any CPU.Build.0 = Release|Any CPU
		{FD0F3637-E58D-4AC7-B6F2-96052EBB90E8}.Debug|Any CPU.ActiveCfg = Debug|Any CPU
		{FD0F3637-E58D-4AC7-B6F2-96052EBB90E8}.Debug|Any CPU.Build.0 = Debug|Any CPU
		{FD0F3637-E58D-4AC7-B6F2-96052EBB90E8}.Release|Any CPU.ActiveCfg = Release|Any CPU
		{FD0F3637-E58D-4AC7-B6F2-96052EBB90E8}.Release|Any CPU.Build.0 = Release|Any CPU
		{64D11CA7-3A79-4CB0-BDEA-2C0A65CDA630}.Debug|Any CPU.ActiveCfg = Debug|Any CPU
		{64D11CA7-3A79-4CB0-BDEA-2C0A65CDA630}.Debug|Any CPU.Build.0 = Debug|Any CPU
		{64D11CA7-3A79-4CB0-BDEA-2C0A65CDA630}.Release|Any CPU.ActiveCfg = Release|Any CPU
		{64D11CA7-3A79-4CB0-BDEA-2C0A65CDA630}.Release|Any CPU.Build.0 = Release|Any CPU
		{CCDDD950-C20A-41E2-8D27-35F53AC1F44D}.Debug|Any CPU.ActiveCfg = Debug|Any CPU
		{CCDDD950-C20A-41E2-8D27-35F53AC1F44D}.Debug|Any CPU.Build.0 = Debug|Any CPU
		{CCDDD950-C20A-41E2-8D27-35F53AC1F44D}.Release|Any CPU.ActiveCfg = Release|Any CPU
		{CCDDD950-C20A-41E2-8D27-35F53AC1F44D}.Release|Any CPU.Build.0 = Release|Any CPU
		{7D901E90-4BD3-45BA-8754-53AD56EBC3E3}.Debug|Any CPU.ActiveCfg = Debug|Any CPU
		{7D901E90-4BD3-45BA-8754-53AD56EBC3E3}.Debug|Any CPU.Build.0 = Debug|Any CPU
		{7D901E90-4BD3-45BA-8754-53AD56EBC3E3}.Release|Any CPU.ActiveCfg = Release|Any CPU
		{7D901E90-4BD3-45BA-8754-53AD56EBC3E3}.Release|Any CPU.Build.0 = Release|Any CPU
		{9CFDF0F8-ACEB-47BC-B93A-D8B34AE688ED}.Debug|Any CPU.ActiveCfg = Debug|Any CPU
		{9CFDF0F8-ACEB-47BC-B93A-D8B34AE688ED}.Debug|Any CPU.Build.0 = Debug|Any CPU
		{9CFDF0F8-ACEB-47BC-B93A-D8B34AE688ED}.Release|Any CPU.ActiveCfg = Release|Any CPU
		{9CFDF0F8-ACEB-47BC-B93A-D8B34AE688ED}.Release|Any CPU.Build.0 = Release|Any CPU
	EndGlobalSection
	GlobalSection(SolutionProperties) = preSolution
		HideSolutionNode = FALSE
	EndGlobalSection
	GlobalSection(NestedProjects) = preSolution
		{7E395475-8C6B-4161-96C1-4505EFDBF74A} = {82ED65E4-29FD-4587-8A06-BA0B1D0CB228}
		{D7164CB7-4DA5-4422-858A-B50E67D8EF0B} = {82ABB941-27A9-4D98-9A39-0D2D9270B877}
		{FB0DC1AB-B0CC-4AD1-9469-870E2E57AB60} = {71E62B1C-7B81-4D29-903D-0D7E060EDD71}
		{7F6D0B22-B721-403D-91AE-2D468E78F16C} = {71E62B1C-7B81-4D29-903D-0D7E060EDD71}
		{4D5F770B-71BD-4490-9CD2-6BD8040D017F} = {71E62B1C-7B81-4D29-903D-0D7E060EDD71}
		{9AEE6A1D-0273-4768-81C8-151761AF5ABF} = {A7327EAE-ABA7-4E3E-BDA4-E2E75E9EC4B8}
		{E7735AE0-849C-4AA1-9994-CD6EAABED8E6} = {A7327EAE-ABA7-4E3E-BDA4-E2E75E9EC4B8}
		{DC5CFC52-FD6C-4C6F-9433-CAFEAAFF3A5E} = {A7327EAE-ABA7-4E3E-BDA4-E2E75E9EC4B8}
		{1D914811-E339-43F9-B43D-B379A103E2C5} = {AC9AF20D-2640-4B98-9BC5-C79B93D36EAA}
		{43AD7B8E-13CE-49FB-8A54-F65224587D12} = {AC9AF20D-2640-4B98-9BC5-C79B93D36EAA}
		{662D06A1-CC63-4E67-86FE-0AB4767F637D} = {AC9AF20D-2640-4B98-9BC5-C79B93D36EAA}
		{AC8F56A4-0BAA-4167-84DE-C173EBC9F91B} = {21A53356-4EDA-4B28-85CA-476FF50F15B0}
		{C379ABC9-661E-43F4-9ED1-6066EF63A387} = {21A53356-4EDA-4B28-85CA-476FF50F15B0}
		{A1DCB0CA-CB5D-443A-B77F-3704997F4507} = {21A53356-4EDA-4B28-85CA-476FF50F15B0}
		{18DA09C2-3881-4E3E-BA5E-0DC5F5498AB5} = {99FCEEA2-08E0-4DE7-95C5-2D9937C5654D}
		{FD0F3637-E58D-4AC7-B6F2-96052EBB90E8} = {99FCEEA2-08E0-4DE7-95C5-2D9937C5654D}
		{64D11CA7-3A79-4CB0-BDEA-2C0A65CDA630} = {99FCEEA2-08E0-4DE7-95C5-2D9937C5654D}
		{CCDDD950-C20A-41E2-8D27-35F53AC1F44D} = {78D13A87-0240-4F67-9B18-0E07A302D34B}
		{7D901E90-4BD3-45BA-8754-53AD56EBC3E3} = {78D13A87-0240-4F67-9B18-0E07A302D34B}
		{9CFDF0F8-ACEB-47BC-B93A-D8B34AE688ED} = {78D13A87-0240-4F67-9B18-0E07A302D34B}
	EndGlobalSection
	GlobalSection(ExtensibilityGlobals) = postSolution
		SolutionGuid = {85A9363F-DB81-49F7-B2B3-D2AD01D107DA}
	EndGlobalSection
EndGlobal
